# THIS IS AN AUTOGENERATED FILE. DO NOT EDIT THIS FILE DIRECTLY.
# yarn lockfile v1


"@hotwired/stimulus@3.2.1":
  version "3.2.1"
  resolved "https://registry.yarnpkg.com/@hotwired/stimulus/-/stimulus-3.2.1.tgz#e3de23623b0c52c247aba4cd5d530d257008676b"
  integrity sha512-HGlzDcf9vv/EQrMJ5ZG6VWNs8Z/xMN+1o2OhV1gKiSG6CqZt5MCBB1gRg5ILiN3U0jEAxuDTNPRfBcnZBDmupQ==

hotkeys-js@>=3:
  version "3.12.0"
  resolved "https://registry.yarnpkg.com/hotkeys-js/-/hotkeys-js-3.12.0.tgz#5534a7ffdba923df489ffbd876b991979beb2c77"
  integrity sha512-Z+N573ycUKIGwFYS3ID1RzMJiGmtWMGKMiaNLyJS8B1ei+MllF4ZYmKS2T0kMWBktOz+WZLVNikftEgnukOrXg==

stimulus-clipboard@^4.0.1:
  version "4.0.1"
  resolved "https://registry.yarnpkg.com/stimulus-clipboard/-/stimulus-clipboard-4.0.1.tgz#acc9212b479fedc633ecdec8f191a28c1d826a6b"
  integrity sha512-dem+ihC3Q8+gbyGINdd+dK+9d5vUTnOwoH+n3KcDJvbxrFcq9lV8mWjyhEaDquGxYy3MmqSdz9FHQbG88TBqGg==

stimulus-notification@^2.2.0:
  version "2.2.0"
  resolved "https://registry.yarnpkg.com/stimulus-notification/-/stimulus-notification-2.2.0.tgz#4e950ad90558617e4598d152b6fcd2635287a5bb"
  integrity sha512-i1Z5IHDuMzwrRxnjqaftQcIseybouMiKfiC0aeFvoznXOo14gx7LWE5a8lssbQJQhbTcxq1RSVOKztkcmrKxng==
  dependencies:
    stimulus-use "^0.51.1"

stimulus-password-visibility@^2.1.1:
  version "2.1.1"
  resolved "https://registry.yarnpkg.com/stimulus-password-visibility/-/stimulus-password-visibility-2.1.1.tgz#b366223c7650704507a38a3e5d126e8474abad3e"
  integrity sha512-FnscC06Ux7mgfJo9s7OceOQ59yU1Tm8sWByG89hnMPcWvYSX/1yx3wFxNOgKhtxaDPdvtb+ERgmv6F9JvPJc7w==

stimulus-use@^0.51.1:
  version "0.51.3"
  resolved "https://registry.yarnpkg.com/stimulus-use/-/stimulus-use-0.51.3.tgz#d7ac671aff8d0db253296dec89d38aa6f4b27e2a"
  integrity sha512-V4YETxMFL4/bpmcqlwFtaOaJg9sLF+XlWsvXrsoWVA5jffsqe7uAvV6gGPPQta7Hgx01vovA0yNsWUe2eU9Jmw==
  dependencies:
    hotkeys-js ">=3"
